<?xml version="1.0" encoding="utf-8"?>
<Project ToolsVersion="4.0" xmlns="http://schemas.microsoft.com/developer/msbuild/2003">
  <ItemGroup>
    <Filter Include="源文件">
      <UniqueIdentifier>{4FC737F1-C7A5-4376-A066-2A32D752A2FF}</UniqueIdentifier>
      <Extensions>cpp;c;cc;cxx;c++;cppm;ixx;def;odl;idl;hpj;bat;asm;asmx</Extensions>
    </Filter>
    <Filter Include="头文件">
      <UniqueIdentifier>{93995380-89BD-4b04-88EB-625FBE52EBFB}</UniqueIdentifier>
      <Extensions>h;hh;hpp;hxx;h++;hm;inl;inc;ipp;xsd</Extensions>
    </Filter>
    <Filter Include="资源文件">
      <UniqueIdentifier>{67DA6AB6-F800-4c08-8B7A-83BB121AAD01}</UniqueIdentifier>
      <Extensions>rc;ico;cur;bmp;dlg;rc2;rct;bin;rgs;gif;jpg;jpeg;jpe;resx;tiff;tif;png;wav;mfcribbon-ms</Extensions>
    </Filter>
    <Filter Include="头文件\RCS">
      <UniqueIdentifier>{1ee5016c-1a2f-4aaa-a050-cd47850ba0b4}</UniqueIdentifier>
    </Filter>
    <Filter Include="头文件\SYS">
      <UniqueIdentifier>{58e88143-7816-4adb-9169-3ebab59f9714}</UniqueIdentifier>
    </Filter>
    <Filter Include="头文件\UI">
      <UniqueIdentifier>{390f4110-1229-4c5f-ad13-e3392269ae5c}</UniqueIdentifier>
    </Filter>
    <Filter Include="头文件\CORE">
      <UniqueIdentifier>{24f92393-69e9-4415-8143-670ac742080d}</UniqueIdentifier>
    </Filter>
  </ItemGroup>
  <ItemGroup>
    <ClInclude Include="targetver.hpp">
      <Filter>头文件\RCS</Filter>
    </ClInclude>
    <ClInclude Include="framework.hpp">
      <Filter>头文件\RCS</Filter>
    </ClInclude>
    <ClInclude Include="resource.hpp">
      <Filter>头文件\RCS</Filter>
    </ClInclude>
    <ClInclude Include="aop.hpp">
      <Filter>头文件\SYS</Filter>
    </ClInclude>
    <ClInclude Include="shared_data.hpp">
      <Filter>头文件\SYS</Filter>
    </ClInclude>
    <ClInclude Include="ui.hpp">
      <Filter>头文件\UI</Filter>
    </ClInclude>
    <ClInclude Include="ui_constants.hpp">
      <Filter>头文件\UI</Filter>
    </ClInclude>
    <ClInclude Include="inj_unicode.hpp">
      <Filter>头文件\CORE</Filter>
    </ClInclude>
    <ClInclude Include="inject_thread.hpp">
      <Filter>头文件\CORE</Filter>
    </ClInclude>
    <ClInclude Include="inj_keyboardsim.hpp">
      <Filter>头文件\CORE</Filter>
    </ClInclude>
    <ClInclude Include="low_latency_keyboard.hpp">
      <Filter>头文件\SYS</Filter>
    </ClInclude>
    <ClInclude Include="header.hpp">
      <Filter>头文件\RCS</Filter>
    </ClInclude>
    <ClInclude Include="injector.hpp">
      <Filter>头文件\CORE</Filter>
    </ClInclude>
  </ItemGroup>
  <ItemGroup>
    <ClCompile Include="WinInputInjector.cpp">
      <Filter>源文件</Filter>
    </ClCompile>
  </ItemGroup>
  <ItemGroup>
    <ResourceCompile Include="WinInputInjector.rc">
      <Filter>资源文件</Filter>
    </ResourceCompile>
  </ItemGroup>
  <ItemGroup>
    <Image Include="small.ico">
      <Filter>资源文件</Filter>
    </Image>
    <Image Include="WinInputInjector.ico">
      <Filter>资源文件</Filter>
    </Image>
  </ItemGroup>
  <ItemGroup>
    <None Include="..\README.md" />
  </ItemGroup>
</Project>